lockfileVersion: '9.0'

settings:
  autoInstallPeers: true
  excludeLinksFromLockfile: false

importers:

  .:
    dependencies:
      '@trpc/client':
        specifier: ^11.4.3
        version: 11.4.3(@trpc/server@11.4.3(typescript@5.8.3))(typescript@5.8.3)
      '@trpc/server':
        specifier: ^11.4.3
        version: 11.4.3(typescript@5.8.3)
      event-source-polyfill:
        specifier: ^1.0.31
        version: 1.0.31
      trpc-uwebsockets:
        specifier: ^11.4.3
        version: 11.4.3(typescript@5.8.3)(uWebSockets.js@https://codeload.github.com/uNetworking/uWebSockets.js/tar.gz/6609a88ffa9a16ac5158046761356ce03250a0df)
      uWebSockets.js:
        specifier: uNetworking/uWebSockets.js#v20.51.0
        version: https://codeload.github.com/uNetworking/uWebSockets.js/tar.gz/6609a88ffa9a16ac5158046761356ce03250a0df
      zod:
        specifier: ^3.25.73
        version: 3.25.73
    devDependencies:
      '@types/event-source-polyfill':
        specifier: ^1.0.5
        version: 1.0.5
      '@types/node':
        specifier: ^24.0.10
        version: 24.0.10
      ts-node:
        specifier: ^10.9.2
        version: 10.9.2(@types/node@24.0.10)(typescript@5.8.3)
      typescript:
        specifier: ^5.8.3
        version: 5.8.3

packages:

  '@cspotcode/source-map-support@0.8.1':
    resolution: {integrity: sha512-IchNf6dN4tHoMFIn/7OE8LWZ19Y6q/67Bmf6vnGREv8RSbBVb9LPJxEcnwrcwX6ixSvaiGoomAUvu4YSxXrVgw==}
    engines: {node: '>=12'}

  '@jridgewell/resolve-uri@3.1.2':
    resolution: {integrity: sha512-bRISgCIjP20/tbWSPWMEi54QVPRZExkuD9lJL+UIxUKtwVJA8wW1Trb1jMs1RFXo1CBTNZ/5hpC9QvmKWdopKw==}
    engines: {node: '>=6.0.0'}

  '@jridgewell/sourcemap-codec@1.5.4':
    resolution: {integrity: sha512-VT2+G1VQs/9oz078bLrYbecdZKs912zQlkelYpuf+SXF+QvZDYJlbx/LSx+meSAwdDFnF8FVXW92AVjjkVmgFw==}

  '@jridgewell/trace-mapping@0.3.9':
    resolution: {integrity: sha512-3Belt6tdc8bPgAtbcmdtNJlirVoTmEb5e2gC94PnkwEW9jI6CAHUeoG85tjWP5WquqfavoMtMwiG4P926ZKKuQ==}

  '@trpc/client@11.4.3':
    resolution: {integrity: sha512-i2suttUCfColktXT8bqex5kHW5jpT15nwUh0hGSDiW1keN621kSUQKcLJ095blqQAUgB+lsmgSqSMmB4L9shQQ==}
    peerDependencies:
      '@trpc/server': 11.4.3
      typescript: '>=5.7.2'

  '@trpc/server@11.4.3':
    resolution: {integrity: sha512-wnWq3wiLlMOlYkaIZz+qbuYA5udPTLS4GVVRyFkr6aT83xpdCHyVtURT+u4hSoIrOXQM9OPCNXSXsAujWZDdaw==}
    peerDependencies:
      typescript: '>=5.7.2'

  '@tsconfig/node10@1.0.11':
    resolution: {integrity: sha512-DcRjDCujK/kCk/cUe8Xz8ZSpm8mS3mNNpta+jGCA6USEDfktlNvm1+IuZ9eTcDbNk41BHwpHHeW+N1lKCz4zOw==}

  '@tsconfig/node12@1.0.11':
    resolution: {integrity: sha512-cqefuRsh12pWyGsIoBKJA9luFu3mRxCA+ORZvA4ktLSzIuCUtWVxGIuXigEwO5/ywWFMZ2QEGKWvkZG1zDMTag==}

  '@tsconfig/node14@1.0.3':
    resolution: {integrity: sha512-ysT8mhdixWK6Hw3i1V2AeRqZ5WfXg1G43mqoYlM2nc6388Fq5jcXyr5mRsqViLx/GJYdoL0bfXD8nmF+Zn/Iow==}

  '@tsconfig/node16@1.0.4':
    resolution: {integrity: sha512-vxhUy4J8lyeyinH7Azl1pdd43GJhZH/tP2weN8TntQblOY+A0XbT8DJk1/oCPuOOyg/Ja757rG0CgHcWC8OfMA==}

  '@types/event-source-polyfill@1.0.5':
    resolution: {integrity: sha512-iaiDuDI2aIFft7XkcwMzDWLqo7LVDixd2sR6B4wxJut9xcp/Ev9bO4EFg4rm6S9QxATLBj5OPxdeocgmhjwKaw==}

  '@types/node@24.0.10':
    resolution: {integrity: sha512-ENHwaH+JIRTDIEEbDK6QSQntAYGtbvdDXnMXnZaZ6k13Du1dPMmprkEHIL7ok2Wl2aZevetwTAb5S+7yIF+enA==}

  acorn-walk@8.3.4:
    resolution: {integrity: sha512-ueEepnujpqee2o5aIYnvHU6C0A42MNdsIDeqy5BydrkuC5R1ZuUFnm27EeFJGoEHJQgn3uleRvmTXaJgfXbt4g==}
    engines: {node: '>=0.4.0'}

  acorn@8.15.0:
    resolution: {integrity: sha512-NZyJarBfL7nWwIq+FDL6Zp/yHEhePMNnnJ0y3qfieCrmNvYct8uvtiV41UvlSe6apAfk0fY1FbWx+NwfmpvtTg==}
    engines: {node: '>=0.4.0'}
    hasBin: true

  arg@4.1.3:
    resolution: {integrity: sha512-58S9QDqG0Xx27YwPSt9fJxivjYl432YCwfDMfZ+71RAqUrZef7LrKQZ3LHLOwCS4FLNBplP533Zx895SeOCHvA==}

  create-require@1.1.1:
    resolution: {integrity: sha512-dcKFX3jn0MpIaXjisoRvexIJVEKzaq7z2rZKxf+MSr9TkdmHmsU4m2lcLojrj/FHl8mk5VxMmYA+ftRkP/3oKQ==}

  diff@4.0.2:
    resolution: {integrity: sha512-58lmxKSA4BNyLz+HHMUzlOEpg09FV+ev6ZMe3vJihgdxzgcwZ8VoEEPmALCZG9LmqfVoNMMKpttIYTVG6uDY7A==}
    engines: {node: '>=0.3.1'}

  event-source-polyfill@1.0.31:
    resolution: {integrity: sha512-4IJSItgS/41IxN5UVAVuAyczwZF7ZIEsM1XAoUzIHA6A+xzusEZUutdXz2Nr+MQPLxfTiCvqE79/C8HT8fKFvA==}

  make-error@1.3.6:
    resolution: {integrity: sha512-s8UhlNe7vPKomQhC1qFelMokr/Sc3AgNbso3n74mVPA5LTZwkB9NlXf4XPamLxJE8h0gh73rM94xvwRT2CVInw==}

  trpc-uwebsockets@11.4.3:
    resolution: {integrity: sha512-w8qbSFRZsuIoGL2AbRUf1x9HfbtSwM3oxk75WfSnNH49Sdg5M3KoYNlHfh2JIZWMlFnU4mwaNsvxIOQtLwvnLA==}
    version: 11.4.3
    engines: {node: ^22.11.0}
    peerDependencies:
      uWebSockets.js: '*'

  ts-node@10.9.2:
    resolution: {integrity: sha512-f0FFpIdcHgn8zcPSbf1dRevwt047YMnaiJM3u2w2RewrB+fob/zePZcrOyQoLMMO7aBIddLcQIEK5dYjkLnGrQ==}
    hasBin: true
    peerDependencies:
      '@swc/core': '>=1.2.50'
      '@swc/wasm': '>=1.2.50'
      '@types/node': '*'
      typescript: '>=2.7'
    peerDependenciesMeta:
      '@swc/core':
        optional: true
      '@swc/wasm':
        optional: true

  typescript@5.8.3:
    resolution: {integrity: sha512-p1diW6TqL9L07nNxvRMM7hMMw4c5XOo/1ibL4aAIGmSAt9slTE1Xgw5KWuof2uTOvCg9BY7ZRi+GaF+7sfgPeQ==}
    engines: {node: '>=14.17'}
    hasBin: true

  uWebSockets.js@https://codeload.github.com/uNetworking/uWebSockets.js/tar.gz/6609a88ffa9a16ac5158046761356ce03250a0df:
    resolution: {tarball: https://codeload.github.com/uNetworking/uWebSockets.js/tar.gz/6609a88ffa9a16ac5158046761356ce03250a0df}
    version: 20.51.0

  undici-types@7.8.0:
    resolution: {integrity: sha512-9UJ2xGDvQ43tYyVMpuHlsgApydB8ZKfVYTsLDhXkFL/6gfkp+U8xTGdh8pMJv1SpZna0zxG1DwsKZsreLbXBxw==}

  v8-compile-cache-lib@3.0.1:
    resolution: {integrity: sha512-wa7YjyUGfNZngI/vtK0UHAN+lgDCxBPCylVXGp0zu59Fz5aiGtNXaq3DhIov063MorB+VfufLh3JlF2KdTK3xg==}

  yn@3.1.1:
    resolution: {integrity: sha512-Ux4ygGWsu2c7isFWe8Yu1YluJmqVhxqK2cLXNQA5AcC3QfbGNpM7fu0Y8b/z16pXLnFxZYvWhd3fhBY9DLmC6Q==}
    engines: {node: '>=6'}

  zod@3.25.73:
    resolution: {integrity: sha512-fuIKbQAWQl22Ba5d1quwEETQYjqnpKVyZIWAhbnnHgnDd3a+z4YgEfkI5SZ2xMELnLAXo/Flk2uXgysZNf0uaA==}

snapshots:

  '@cspotcode/source-map-support@0.8.1':
    dependencies:
      '@jridgewell/trace-mapping': 0.3.9

  '@jridgewell/resolve-uri@3.1.2': {}

  '@jridgewell/sourcemap-codec@1.5.4': {}

  '@jridgewell/trace-mapping@0.3.9':
    dependencies:
      '@jridgewell/resolve-uri': 3.1.2
      '@jridgewell/sourcemap-codec': 1.5.4

  '@trpc/client@11.4.3(@trpc/server@11.4.3(typescript@5.8.3))(typescript@5.8.3)':
    dependencies:
      '@trpc/server': 11.4.3(typescript@5.8.3)
      typescript: 5.8.3

  '@trpc/server@11.4.3(typescript@5.8.3)':
    dependencies:
      typescript: 5.8.3

  '@tsconfig/node10@1.0.11': {}

  '@tsconfig/node12@1.0.11': {}

  '@tsconfig/node14@1.0.3': {}

  '@tsconfig/node16@1.0.4': {}

  '@types/event-source-polyfill@1.0.5': {}

  '@types/node@24.0.10':
    dependencies:
      undici-types: 7.8.0

  acorn-walk@8.3.4:
    dependencies:
      acorn: 8.15.0

  acorn@8.15.0: {}

  arg@4.1.3: {}

  create-require@1.1.1: {}

  diff@4.0.2: {}

  event-source-polyfill@1.0.31: {}

  make-error@1.3.6: {}

  trpc-uwebsockets@11.4.3(typescript@5.8.3)(uWebSockets.js@https://codeload.github.com/uNetworking/uWebSockets.js/tar.gz/6609a88ffa9a16ac5158046761356ce03250a0df):
    dependencies:
      '@trpc/server': 11.4.3(typescript@5.8.3)
      uWebSockets.js: https://codeload.github.com/uNetworking/uWebSockets.js/tar.gz/6609a88ffa9a16ac5158046761356ce03250a0df
    transitivePeerDependencies:
      - typescript

  ts-node@10.9.2(@types/node@24.0.10)(typescript@5.8.3):
    dependencies:
      '@cspotcode/source-map-support': 0.8.1
      '@tsconfig/node10': 1.0.11
      '@tsconfig/node12': 1.0.11
      '@tsconfig/node14': 1.0.3
      '@tsconfig/node16': 1.0.4
      '@types/node': 24.0.10
      acorn: 8.15.0
      acorn-walk: 8.3.4
      arg: 4.1.3
      create-require: 1.1.1
      diff: 4.0.2
      make-error: 1.3.6
      typescript: 5.8.3
      v8-compile-cache-lib: 3.0.1
      yn: 3.1.1

  typescript@5.8.3: {}

  uWebSockets.js@https://codeload.github.com/uNetworking/uWebSockets.js/tar.gz/6609a88ffa9a16ac5158046761356ce03250a0df: {}

  undici-types@7.8.0: {}

  v8-compile-cache-lib@3.0.1: {}

  yn@3.1.1: {}

  zod@3.25.73: {}
